// !$*UTF8*$!
{
	archiveVersion = 1;
	classes = {
	};
	objectVersion = 50;
	objects = {

/* Begin PBXBuildFile section */
		6740D9DC217B9EFC004270D3 /* OperationDataManager.swift in Sources */ = {isa = PBXBuildFile; fileRef = 6740D9DB217B9EFC004270D3 /* OperationDataManager.swift */; };
		679FB919217C9FD800F8FFDB /* Profile.swift in Sources */ = {isa = PBXBuildFile; fileRef = 679FB918217C9FD800F8FFDB /* Profile.swift */; };
		679FB91B217CA7C100F8FFDB /* Operations.swift in Sources */ = {isa = PBXBuildFile; fileRef = 679FB91A217CA7C100F8FFDB /* Operations.swift */; };
		A50ED4032156833A00FCE422 /* Logging.swift in Sources */ = {isa = PBXBuildFile; fileRef = A50ED4022156833A00FCE422 /* Logging.swift */; };
		A5313CCE2154CF2C00296E88 /* AppDelegate.swift in Sources */ = {isa = PBXBuildFile; fileRef = A5313CCD2154CF2C00296E88 /* AppDelegate.swift */; };
		A5313CD02154CF2C00296E88 /* ProfileViewController.swift in Sources */ = {isa = PBXBuildFile; fileRef = A5313CCF2154CF2C00296E88 /* ProfileViewController.swift */; };
		A5313CD62154CF2C00296E88 /* TinkoffChat.xcdatamodeld in Sources */ = {isa = PBXBuildFile; fileRef = A5313CD42154CF2C00296E88 /* TinkoffChat.xcdatamodeld */; };
		A5313CD82154CF2D00296E88 /* Assets.xcassets in Resources */ = {isa = PBXBuildFile; fileRef = A5313CD72154CF2D00296E88 /* Assets.xcassets */; };
		A5313CDB2154CF2D00296E88 /* LaunchScreen.storyboard in Resources */ = {isa = PBXBuildFile; fileRef = A5313CD92154CF2D00296E88 /* LaunchScreen.storyboard */; };
		A53A7BF1216548BB00BC41FC /* ConversationsListViewController.swift in Sources */ = {isa = PBXBuildFile; fileRef = A53A7BF0216548BB00BC41FC /* ConversationsListViewController.swift */; };
		A53A7BF321654D0D00BC41FC /* ConversationCell.swift in Sources */ = {isa = PBXBuildFile; fileRef = A53A7BF221654D0D00BC41FC /* ConversationCell.swift */; };
		A56797362170CAC6006ADF36 /* Themes.m in Sources */ = {isa = PBXBuildFile; fileRef = A56797352170CAC6006ADF36 /* Themes.m */; };
		A567EC13217A498500FAE972 /* GCDDataManager.swift in Sources */ = {isa = PBXBuildFile; fileRef = A567EC12217A498500FAE972 /* GCDDataManager.swift */; };
		A567EC17217B27B700FAE972 /* DataManagerProtocol.swift in Sources */ = {isa = PBXBuildFile; fileRef = A567EC16217B27B700FAE972 /* DataManagerProtocol.swift */; };
		A5828B052167B0F90048E3D0 /* MessageCell.swift in Sources */ = {isa = PBXBuildFile; fileRef = A5828B042167B0F90048E3D0 /* MessageCell.swift */; };
		A5828B072167B15D0048E3D0 /* ConversationTableViewController.swift in Sources */ = {isa = PBXBuildFile; fileRef = A5828B062167B15D0048E3D0 /* ConversationTableViewController.swift */; };
		A5EF39472172758C00777113 /* ThemesViewController.m in Sources */ = {isa = PBXBuildFile; fileRef = A56797312170C19E006ADF36 /* ThemesViewController.m */; };
		A5EF39482172778A00777113 /* Main.storyboard in Resources */ = {isa = PBXBuildFile; fileRef = A5313CD12154CF2C00296E88 /* Main.storyboard */; };
		A5EF394A2172791700777113 /* ThemesViewControllerSwift.swift in Sources */ = {isa = PBXBuildFile; fileRef = A5EF39492172791700777113 /* ThemesViewControllerSwift.swift */; };
		A5EF394C21732BC800777113 /* ThemesStructureSwift.swift in Sources */ = {isa = PBXBuildFile; fileRef = A5EF394B21732BC800777113 /* ThemesStructureSwift.swift */; };
		A5F64F4D2184723D00BFA62A /* MultipeerCommunicator.swift in Sources */ = {isa = PBXBuildFile; fileRef = A5F64F4C2184723D00BFA62A /* MultipeerCommunicator.swift */; };
		A5F64F4F2184726100BFA62A /* CommunicatorProtocol.swift in Sources */ = {isa = PBXBuildFile; fileRef = A5F64F4E2184726100BFA62A /* CommunicatorProtocol.swift */; };
		A5F64F51218472D700BFA62A /* CommunicatorDelegate.swift in Sources */ = {isa = PBXBuildFile; fileRef = A5F64F50218472D700BFA62A /* CommunicatorDelegate.swift */; };
		A5F64F552184741300BFA62A /* CommunicationManager.swift in Sources */ = {isa = PBXBuildFile; fileRef = A5F64F542184741300BFA62A /* CommunicationManager.swift */; };
/* End PBXBuildFile section */

/* Begin PBXFileReference section */
		6740D9DB217B9EFC004270D3 /* OperationDataManager.swift */ = {isa = PBXFileReference; lastKnownFileType = sourcecode.swift; path = OperationDataManager.swift; sourceTree = "<group>"; };
		679FB918217C9FD800F8FFDB /* Profile.swift */ = {isa = PBXFileReference; lastKnownFileType = sourcecode.swift; path = Profile.swift; sourceTree = "<group>"; };
		679FB91A217CA7C100F8FFDB /* Operations.swift */ = {isa = PBXFileReference; lastKnownFileType = sourcecode.swift; path = Operations.swift; sourceTree = "<group>"; };
		A50ED4022156833A00FCE422 /* Logging.swift */ = {isa = PBXFileReference; lastKnownFileType = sourcecode.swift; path = Logging.swift; sourceTree = "<group>"; };
		A5313CCA2154CF2C00296E88 /* TinkoffChat.app */ = {isa = PBXFileReference; explicitFileType = wrapper.application; includeInIndex = 0; path = TinkoffChat.app; sourceTree = BUILT_PRODUCTS_DIR; };
		A5313CCD2154CF2C00296E88 /* AppDelegate.swift */ = {isa = PBXFileReference; lastKnownFileType = sourcecode.swift; path = AppDelegate.swift; sourceTree = "<group>"; };
		A5313CCF2154CF2C00296E88 /* ProfileViewController.swift */ = {isa = PBXFileReference; lastKnownFileType = sourcecode.swift; path = ProfileViewController.swift; sourceTree = "<group>"; };
		A5313CD22154CF2C00296E88 /* Base */ = {isa = PBXFileReference; lastKnownFileType = file.storyboard; name = Base; path = Base.lproj/Main.storyboard; sourceTree = "<group>"; };
		A5313CD52154CF2C00296E88 /* TinkoffChat.xcdatamodel */ = {isa = PBXFileReference; lastKnownFileType = wrapper.xcdatamodel; path = TinkoffChat.xcdatamodel; sourceTree = "<group>"; };
		A5313CD72154CF2D00296E88 /* Assets.xcassets */ = {isa = PBXFileReference; lastKnownFileType = folder.assetcatalog; path = Assets.xcassets; sourceTree = "<group>"; };
		A5313CDA2154CF2D00296E88 /* Base */ = {isa = PBXFileReference; lastKnownFileType = file.storyboard; name = Base; path = Base.lproj/LaunchScreen.storyboard; sourceTree = "<group>"; };
		A5313CDC2154CF2D00296E88 /* Info.plist */ = {isa = PBXFileReference; lastKnownFileType = text.plist.xml; path = Info.plist; sourceTree = "<group>"; };
		A53A7BF0216548BB00BC41FC /* ConversationsListViewController.swift */ = {isa = PBXFileReference; lastKnownFileType = sourcecode.swift; path = ConversationsListViewController.swift; sourceTree = "<group>"; };
		A53A7BF221654D0D00BC41FC /* ConversationCell.swift */ = {isa = PBXFileReference; lastKnownFileType = sourcecode.swift; path = ConversationCell.swift; sourceTree = "<group>"; };
		A567972F2170C19E006ADF36 /* TinkoffChat-Bridging-Header.h */ = {isa = PBXFileReference; lastKnownFileType = sourcecode.c.h; path = "TinkoffChat-Bridging-Header.h"; sourceTree = "<group>"; };
		A56797302170C19E006ADF36 /* ThemesViewController.h */ = {isa = PBXFileReference; lastKnownFileType = sourcecode.c.h; path = ThemesViewController.h; sourceTree = "<group>"; };
		A56797312170C19E006ADF36 /* ThemesViewController.m */ = {isa = PBXFileReference; lastKnownFileType = sourcecode.c.objc; path = ThemesViewController.m; sourceTree = "<group>"; };
		A56797342170CAC6006ADF36 /* Themes.h */ = {isa = PBXFileReference; lastKnownFileType = sourcecode.c.h; path = Themes.h; sourceTree = "<group>"; };
		A56797352170CAC6006ADF36 /* Themes.m */ = {isa = PBXFileReference; lastKnownFileType = sourcecode.c.objc; path = Themes.m; sourceTree = "<group>"; };
		A567EC12217A498500FAE972 /* GCDDataManager.swift */ = {isa = PBXFileReference; lastKnownFileType = sourcecode.swift; path = GCDDataManager.swift; sourceTree = "<group>"; };
		A567EC16217B27B700FAE972 /* DataManagerProtocol.swift */ = {isa = PBXFileReference; lastKnownFileType = sourcecode.swift; path = DataManagerProtocol.swift; sourceTree = "<group>"; };
		A5828B042167B0F90048E3D0 /* MessageCell.swift */ = {isa = PBXFileReference; lastKnownFileType = sourcecode.swift; path = MessageCell.swift; sourceTree = "<group>"; };
		A5828B062167B15D0048E3D0 /* ConversationTableViewController.swift */ = {isa = PBXFileReference; lastKnownFileType = sourcecode.swift; path = ConversationTableViewController.swift; sourceTree = "<group>"; };
		A5EF39492172791700777113 /* ThemesViewControllerSwift.swift */ = {isa = PBXFileReference; lastKnownFileType = sourcecode.swift; path = ThemesViewControllerSwift.swift; sourceTree = "<group>"; };
		A5EF394B21732BC800777113 /* ThemesStructureSwift.swift */ = {isa = PBXFileReference; lastKnownFileType = sourcecode.swift; path = ThemesStructureSwift.swift; sourceTree = "<group>"; };
		A5F64F4C2184723D00BFA62A /* MultipeerCommunicator.swift */ = {isa = PBXFileReference; lastKnownFileType = sourcecode.swift; path = MultipeerCommunicator.swift; sourceTree = "<group>"; };
		A5F64F4E2184726100BFA62A /* CommunicatorProtocol.swift */ = {isa = PBXFileReference; lastKnownFileType = sourcecode.swift; path = CommunicatorProtocol.swift; sourceTree = "<group>"; };
		A5F64F50218472D700BFA62A /* CommunicatorDelegate.swift */ = {isa = PBXFileReference; lastKnownFileType = sourcecode.swift; path = CommunicatorDelegate.swift; sourceTree = "<group>"; };
		A5F64F542184741300BFA62A /* CommunicationManager.swift */ = {isa = PBXFileReference; lastKnownFileType = sourcecode.swift; path = CommunicationManager.swift; sourceTree = "<group>"; };
/* End PBXFileReference section */

/* Begin PBXFrameworksBuildPhase section */
		A5313CC72154CF2C00296E88 /* Frameworks */ = {
			isa = PBXFrameworksBuildPhase;
			buildActionMask = 2147483647;
			files = (
			);
			runOnlyForDeploymentPostprocessing = 0;
		};
/* End PBXFrameworksBuildPhase section */

/* Begin PBXGroup section */
		A5313CC12154CF2C00296E88 = {
			isa = PBXGroup;
			children = (
				A5313CCC2154CF2C00296E88 /* TinkoffChat */,
				A5313CCB2154CF2C00296E88 /* Products */,
			);
			sourceTree = "<group>";
		};
		A5313CCB2154CF2C00296E88 /* Products */ = {
			isa = PBXGroup;
			children = (
				A5313CCA2154CF2C00296E88 /* TinkoffChat.app */,
			);
			name = Products;
			sourceTree = "<group>";
		};
		A5313CCC2154CF2C00296E88 /* TinkoffChat */ = {
			isa = PBXGroup;
			children = (
				A5313CCD2154CF2C00296E88 /* AppDelegate.swift */,
				A5F64F4821846FF400BFA62A /* ProfileViewController */,
				A5F64F4A2184703200BFA62A /* ConversationList */,
				A5F64F492184702000BFA62A /* Conversation */,
				A5F64F4721846FBF00BFA62A /* ThemesViewContoller */,
				A5313CD12154CF2C00296E88 /* Main.storyboard */,
				A5313CD72154CF2D00296E88 /* Assets.xcassets */,
				A5313CD92154CF2D00296E88 /* LaunchScreen.storyboard */,
				A5313CDC2154CF2D00296E88 /* Info.plist */,
				A5313CD42154CF2C00296E88 /* TinkoffChat.xcdatamodeld */,
				A50ED4022156833A00FCE422 /* Logging.swift */,
				A567972F2170C19E006ADF36 /* TinkoffChat-Bridging-Header.h */,
				A5F64F4B2184704400BFA62A /* DataManager */,
				A5F64F4C2184723D00BFA62A /* MultipeerCommunicator.swift */,
				A5F64F4E2184726100BFA62A /* CommunicatorProtocol.swift */,
				A5F64F50218472D700BFA62A /* CommunicatorDelegate.swift */,
				A5F64F542184741300BFA62A /* CommunicationManager.swift */,
			);
			path = TinkoffChat;
			sourceTree = "<group>";
		};
		A5F64F4721846FBF00BFA62A /* ThemesViewContoller */ = {
			isa = PBXGroup;
			children = (
				A5EF39492172791700777113 /* ThemesViewControllerSwift.swift */,
				A5EF394B21732BC800777113 /* ThemesStructureSwift.swift */,
				A56797302170C19E006ADF36 /* ThemesViewController.h */,
				A56797312170C19E006ADF36 /* ThemesViewController.m */,
				A56797342170CAC6006ADF36 /* Themes.h */,
				A56797352170CAC6006ADF36 /* Themes.m */,
			);
			path = ThemesViewContoller;
			sourceTree = "<group>";
		};
		A5F64F4821846FF400BFA62A /* ProfileViewController */ = {
			isa = PBXGroup;
			children = (
				A5313CCF2154CF2C00296E88 /* ProfileViewController.swift */,
				679FB918217C9FD800F8FFDB /* Profile.swift */,
			);
			path = ProfileViewController;
			sourceTree = "<group>";
		};
		A5F64F492184702000BFA62A /* Conversation */ = {
			isa = PBXGroup;
			children = (
				A5828B062167B15D0048E3D0 /* ConversationTableViewController.swift */,
				A5828B042167B0F90048E3D0 /* MessageCell.swift */,
			);
			path = Conversation;
			sourceTree = "<group>";
		};
		A5F64F4A2184703200BFA62A /* ConversationList */ = {
			isa = PBXGroup;
			children = (
				A53A7BF0216548BB00BC41FC /* ConversationsListViewController.swift */,
				A53A7BF221654D0D00BC41FC /* ConversationCell.swift */,
			);
			path = ConversationList;
			sourceTree = "<group>";
		};
		A5F64F4B2184704400BFA62A /* DataManager */ = {
			isa = PBXGroup;
			children = (
				A567EC12217A498500FAE972 /* GCDDataManager.swift */,
				A567EC16217B27B700FAE972 /* DataManagerProtocol.swift */,
				6740D9DB217B9EFC004270D3 /* OperationDataManager.swift */,
				679FB91A217CA7C100F8FFDB /* Operations.swift */,
			);
			path = DataManager;
			sourceTree = "<group>";
		};
/* End PBXGroup section */

/* Begin PBXNativeTarget section */
		A5313CC92154CF2C00296E88 /* TinkoffChat */ = {
			isa = PBXNativeTarget;
			buildConfigurationList = A5313CDF2154CF2D00296E88 /* Build configuration list for PBXNativeTarget "TinkoffChat" */;
			buildPhases = (
				A5313CC62154CF2C00296E88 /* Sources */,
				A5313CC72154CF2C00296E88 /* Frameworks */,
				A5313CC82154CF2C00296E88 /* Resources */,
			);
			buildRules = (
			);
			dependencies = (
			);
			name = TinkoffChat;
			productName = TinkoffChat;
			productReference = A5313CCA2154CF2C00296E88 /* TinkoffChat.app */;
			productType = "com.apple.product-type.application";
		};
/* End PBXNativeTarget section */

/* Begin PBXProject section */
		A5313CC22154CF2C00296E88 /* Project object */ = {
			isa = PBXProject;
			attributes = {
				LastSwiftUpdateCheck = 1000;
				LastUpgradeCheck = 1000;
				ORGANIZATIONNAME = Pokhachevskiy;
				TargetAttributes = {
					A5313CC92154CF2C00296E88 = {
						CreatedOnToolsVersion = 10.0;
						LastSwiftMigration = 1000;
					};
				};
			};
			buildConfigurationList = A5313CC52154CF2C00296E88 /* Build configuration list for PBXProject "TinkoffChat" */;
			compatibilityVersion = "Xcode 9.3";
			developmentRegion = en;
			hasScannedForEncodings = 0;
			knownRegions = (
				en,
				Base,
			);
			mainGroup = A5313CC12154CF2C00296E88;
			productRefGroup = A5313CCB2154CF2C00296E88 /* Products */;
			projectDirPath = "";
			projectRoot = "";
			targets = (
				A5313CC92154CF2C00296E88 /* TinkoffChat */,
			);
		};
/* End PBXProject section */

/* Begin PBXResourcesBuildPhase section */
		A5313CC82154CF2C00296E88 /* Resources */ = {
			isa = PBXResourcesBuildPhase;
			buildActionMask = 2147483647;
			files = (
				A5EF39482172778A00777113 /* Main.storyboard in Resources */,
				A5313CDB2154CF2D00296E88 /* LaunchScreen.storyboard in Resources */,
				A5313CD82154CF2D00296E88 /* Assets.xcassets in Resources */,
			);
			runOnlyForDeploymentPostprocessing = 0;
		};
/* End PBXResourcesBuildPhase section */

/* Begin PBXSourcesBuildPhase section */
		A5313CC62154CF2C00296E88 /* Sources */ = {
			isa = PBXSourcesBuildPhase;
			buildActionMask = 2147483647;
			files = (
				A5313CD02154CF2C00296E88 /* ProfileViewController.swift in Sources */,
				A567EC17217B27B700FAE972 /* DataManagerProtocol.swift in Sources */,
				A53A7BF1216548BB00BC41FC /* ConversationsListViewController.swift in Sources */,
				A5F64F4F2184726100BFA62A /* CommunicatorProtocol.swift in Sources */,
				A5F64F552184741300BFA62A /* CommunicationManager.swift in Sources */,
				A5EF39472172758C00777113 /* ThemesViewController.m in Sources */,
				A5828B072167B15D0048E3D0 /* ConversationTableViewController.swift in Sources */,
				A53A7BF321654D0D00BC41FC /* ConversationCell.swift in Sources */,
				A567EC13217A498500FAE972 /* GCDDataManager.swift in Sources */,
				A5313CCE2154CF2C00296E88 /* AppDelegate.swift in Sources */,
				A5F64F4D2184723D00BFA62A /* MultipeerCommunicator.swift in Sources */,
				A5EF394A2172791700777113 /* ThemesViewControllerSwift.swift in Sources */,
				679FB91B217CA7C100F8FFDB /* Operations.swift in Sources */,
				679FB919217C9FD800F8FFDB /* Profile.swift in Sources */,
				A5828B052167B0F90048E3D0 /* MessageCell.swift in Sources */,
				A56797362170CAC6006ADF36 /* Themes.m in Sources */,
				6740D9DC217B9EFC004270D3 /* OperationDataManager.swift in Sources */,
				A5EF394C21732BC800777113 /* ThemesStructureSwift.swift in Sources */,
				A5F64F51218472D700BFA62A /* CommunicatorDelegate.swift in Sources */,
				A5313CD62154CF2C00296E88 /* TinkoffChat.xcdatamodeld in Sources */,
				A50ED4032156833A00FCE422 /* Logging.swift in Sources */,
			);
			runOnlyForDeploymentPostprocessing = 0;
		};
/* End PBXSourcesBuildPhase section */

/* Begin PBXVariantGroup section */
		A5313CD12154CF2C00296E88 /* Main.storyboard */ = {
			isa = PBXVariantGroup;
			children = (
				A5313CD22154CF2C00296E88 /* Base */,
			);
			name = Main.storyboard;
			sourceTree = "<group>";
		};
		A5313CD92154CF2D00296E88 /* LaunchScreen.storyboard */ = {
			isa = PBXVariantGroup;
			children = (
				A5313CDA2154CF2D00296E88 /* Base */,
			);
			name = LaunchScreen.storyboard;
			sourceTree = "<group>";
		};
/* End PBXVariantGroup section */

/* Begin XCBuildConfiguration section */
		A5313CDD2154CF2D00296E88 /* Debug */ = {
			isa = XCBuildConfiguration;
			buildSettings = {
				ALWAYS_SEARCH_USER_PATHS = NO;
				CLANG_ANALYZER_NONNULL = YES;
				CLANG_ANALYZER_NUMBER_OBJECT_CONVERSION = YES_AGGRESSIVE;
				CLANG_CXX_LANGUAGE_STANDARD = "gnu++14";
				CLANG_CXX_LIBRARY = "libc++";
				CLANG_ENABLE_MODULES = YES;
				CLANG_ENABLE_OBJC_ARC = YES;
				CLANG_ENABLE_OBJC_WEAK = YES;
				CLANG_WARN_BLOCK_CAPTURE_AUTORELEASING = YES;
				CLANG_WARN_BOOL_CONVERSION = YES;
				CLANG_WARN_COMMA = YES;
				CLANG_WARN_CONSTANT_CONVERSION = YES;
				CLANG_WARN_DEPRECATED_OBJC_IMPLEMENTATIONS = YES;
				CLANG_WARN_DIRECT_OBJC_ISA_USAGE = YES_ERROR;
				CLANG_WARN_DOCUMENTATION_COMMENTS = YES;
				CLANG_WARN_EMPTY_BODY = YES;
				CLANG_WARN_ENUM_CONVERSION = YES;
				CLANG_WARN_INFINITE_RECURSION = YES;
				CLANG_WARN_INT_CONVERSION = YES;
				CLANG_WARN_NON_LITERAL_NULL_CONVERSION = YES;
				CLANG_WARN_OBJC_IMPLICIT_RETAIN_SELF = YES;
				CLANG_WARN_OBJC_LITERAL_CONVERSION = YES;
				CLANG_WARN_OBJC_ROOT_CLASS = YES_ERROR;
				CLANG_WARN_RANGE_LOOP_ANALYSIS = YES;
				CLANG_WARN_STRICT_PROTOTYPES = YES;
				CLANG_WARN_SUSPICIOUS_MOVE = YES;
				CLANG_WARN_UNGUARDED_AVAILABILITY = YES_AGGRESSIVE;
				CLANG_WARN_UNREACHABLE_CODE = YES;
				CLANG_WARN__DUPLICATE_METHOD_MATCH = YES;
				CODE_SIGN_IDENTITY = "iPhone Developer";
				COPY_PHASE_STRIP = NO;
				DEBUG_INFORMATION_FORMAT = dwarf;
				ENABLE_STRICT_OBJC_MSGSEND = YES;
				ENABLE_TESTABILITY = YES;
				GCC_C_LANGUAGE_STANDARD = gnu11;
				GCC_DYNAMIC_NO_PIC = NO;
				GCC_NO_COMMON_BLOCKS = YES;
				GCC_OPTIMIZATION_LEVEL = 0;
				GCC_PREPROCESSOR_DEFINITIONS = (
					"DEBUG=1",
					"$(inherited)",
				);
				GCC_WARN_64_TO_32_BIT_CONVERSION = YES;
				GCC_WARN_ABOUT_RETURN_TYPE = YES_ERROR;
				GCC_WARN_UNDECLARED_SELECTOR = YES;
				GCC_WARN_UNINITIALIZED_AUTOS = YES_AGGRESSIVE;
				GCC_WARN_UNUSED_FUNCTION = YES;
				GCC_WARN_UNUSED_VARIABLE = YES;
				IPHONEOS_DEPLOYMENT_TARGET = 12.0;
				MTL_ENABLE_DEBUG_INFO = INCLUDE_SOURCE;
				MTL_FAST_MATH = YES;
				ONLY_ACTIVE_ARCH = YES;
				SDKROOT = iphoneos;
				SWIFT_ACTIVE_COMPILATION_CONDITIONS = DEBUG;
				SWIFT_OPTIMIZATION_LEVEL = "-Onone";
			};
			name = Debug;
		};
		A5313CDE2154CF2D00296E88 /* Release */ = {
			isa = XCBuildConfiguration;
			buildSettings = {
				ALWAYS_SEARCH_USER_PATHS = NO;
				CLANG_ANALYZER_NONNULL = YES;
				CLANG_ANALYZER_NUMBER_OBJECT_CONVERSION = YES_AGGRESSIVE;
				CLANG_CXX_LANGUAGE_STANDARD = "gnu++14";
				CLANG_CXX_LIBRARY = "libc++";
				CLANG_ENABLE_MODULES = YES;
				CLANG_ENABLE_OBJC_ARC = YES;
				CLANG_ENABLE_OBJC_WEAK = YES;
				CLANG_WARN_BLOCK_CAPTURE_AUTORELEASING = YES;
				CLANG_WARN_BOOL_CONVERSION = YES;
				CLANG_WARN_COMMA = YES;
				CLANG_WARN_CONSTANT_CONVERSION = YES;
				CLANG_WARN_DEPRECATED_OBJC_IMPLEMENTATIONS = YES;
				CLANG_WARN_DIRECT_OBJC_ISA_USAGE = YES_ERROR;
				CLANG_WARN_DOCUMENTATION_COMMENTS = YES;
				CLANG_WARN_EMPTY_BODY = YES;
				CLANG_WARN_ENUM_CONVERSION = YES;
				CLANG_WARN_INFINITE_RECURSION = YES;
				CLANG_WARN_INT_CONVERSION = YES;
				CLANG_WARN_NON_LITERAL_NULL_CONVERSION = YES;
				CLANG_WARN_OBJC_IMPLICIT_RETAIN_SELF = YES;
				CLANG_WARN_OBJC_LITERAL_CONVERSION = YES;
				CLANG_WARN_OBJC_ROOT_CLASS = YES_ERROR;
				CLANG_WARN_RANGE_LOOP_ANALYSIS = YES;
				CLANG_WARN_STRICT_PROTOTYPES = YES;
				CLANG_WARN_SUSPICIOUS_MOVE = YES;
				CLANG_WARN_UNGUARDED_AVAILABILITY = YES_AGGRESSIVE;
				CLANG_WARN_UNREACHABLE_CODE = YES;
				CLANG_WARN__DUPLICATE_METHOD_MATCH = YES;
				CODE_SIGN_IDENTITY = "iPhone Developer";
				COPY_PHASE_STRIP = NO;
				DEBUG_INFORMATION_FORMAT = "dwarf-with-dsym";
				ENABLE_NS_ASSERTIONS = NO;
				ENABLE_STRICT_OBJC_MSGSEND = YES;
				GCC_C_LANGUAGE_STANDARD = gnu11;
				GCC_NO_COMMON_BLOCKS = YES;
				GCC_WARN_64_TO_32_BIT_CONVERSION = YES;
				GCC_WARN_ABOUT_RETURN_TYPE = YES_ERROR;
				GCC_WARN_UNDECLARED_SELECTOR = YES;
				GCC_WARN_UNINITIALIZED_AUTOS = YES_AGGRESSIVE;
				GCC_WARN_UNUSED_FUNCTION = YES;
				GCC_WARN_UNUSED_VARIABLE = YES;
				IPHONEOS_DEPLOYMENT_TARGET = 12.0;
				MTL_ENABLE_DEBUG_INFO = NO;
				MTL_FAST_MATH = YES;
				SDKROOT = iphoneos;
				SWIFT_COMPILATION_MODE = wholemodule;
				SWIFT_OPTIMIZATION_LEVEL = "-O";
				VALIDATE_PRODUCT = YES;
			};
			name = Release;
		};
		A5313CE02154CF2D00296E88 /* Debug */ = {
			isa = XCBuildConfiguration;
			buildSettings = {
				ASSETCATALOG_COMPILER_APPICON_NAME = AppIcon;
				CLANG_ENABLE_MODULES = YES;
				CLANG_ENABLE_OBJC_ARC = NO;
				CODE_SIGN_STYLE = Automatic;
				DEVELOPMENT_TEAM = WD3LFN9BKA;
				INFOPLIST_FILE = TinkoffChat/Info.plist;
				IPHONEOS_DEPLOYMENT_TARGET = 11.0;
				LD_RUNPATH_SEARCH_PATHS = (
					"$(inherited)",
					"@executable_path/Frameworks",
				);
				PRODUCT_BUNDLE_IDENTIFIER = ru.pokhachevskiy.TinkoffChat;
				PRODUCT_NAME = "$(TARGET_NAME)";
				SWIFT_OBJC_BRIDGING_HEADER = "TinkoffChat/TinkoffChat-Bridging-Header.h";
				SWIFT_OPTIMIZATION_LEVEL = "-Onone";
				SWIFT_VERSION = 4.2;
				TARGETED_DEVICE_FAMILY = "1,2";
			};
			name = Debug;
		};
		A5313CE12154CF2D00296E88 /* Release */ = {
			isa = XCBuildConfiguration;
			buildSettings = {
				ASSETCATALOG_COMPILER_APPICON_NAME = AppIcon;
				CLANG_ENABLE_MODULES = YES;
				CLANG_ENABLE_OBJC_ARC = NO;
				CODE_SIGN_STYLE = Automatic;
				DEVELOPMENT_TEAM = WD3LFN9BKA;
				INFOPLIST_FILE = TinkoffChat/Info.plist;
				IPHONEOS_DEPLOYMENT_TARGET = 11.0;
				LD_RUNPATH_SEARCH_PATHS = (
					"$(inherited)",
					"@executable_path/Frameworks",
				);
				PRODUCT_BUNDLE_IDENTIFIER = ru.pokhachevskiy.TinkoffChat;
				PRODUCT_NAME = "$(TARGET_NAME)";
				SWIFT_OBJC_BRIDGING_HEADER = "TinkoffChat/TinkoffChat-Bridging-Header.h";
				SWIFT_VERSION = 4.2;
				TARGETED_DEVICE_FAMILY = "1,2";
			};
			name = Release;
		};
/* End XCBuildConfiguration section */

/* Begin XCConfigurationList section */
		A5313CC52154CF2C00296E88 /* Build configuration list for PBXProject "TinkoffChat" */ = {
			isa = XCConfigurationList;
			buildConfigurations = (
				A5313CDD2154CF2D00296E88 /* Debug */,
				A5313CDE2154CF2D00296E88 /* Release */,
			);
			defaultConfigurationIsVisible = 0;
			defaultConfigurationName = Release;
		};
		A5313CDF2154CF2D00296E88 /* Build configuration list for PBXNativeTarget "TinkoffChat" */ = {
			isa = XCConfigurationList;
			buildConfigurations = (
				A5313CE02154CF2D00296E88 /* Debug */,
				A5313CE12154CF2D00296E88 /* Release */,
			);
			defaultConfigurationIsVisible = 0;
			defaultConfigurationName = Release;
		};
/* End XCConfigurationList section */

/* Begin XCVersionGroup section */
		A5313CD42154CF2C00296E88 /* TinkoffChat.xcdatamodeld */ = {
			isa = XCVersionGroup;
			children = (
				A5313CD52154CF2C00296E88 /* TinkoffChat.xcdatamodel */,
			);
			currentVersion = A5313CD52154CF2C00296E88 /* TinkoffChat.xcdatamodel */;
			path = TinkoffChat.xcdatamodeld;
			sourceTree = "<group>";
			versionGroupType = wrapper.xcdatamodel;
		};
/* End XCVersionGroup section */
	};
	rootObject = A5313CC22154CF2C00296E88 /* Project object */;
}
